
Microsoft Visual Studio Solution File, Format Version 12.00
# Visual Studio 15
Project("{FAE04EC0-301F-11D3-BF4B-00C04F79EFBC}") = "Unity.Timeline", "Unity.Timeline.csproj", "{FAB9FC71-DA57-1228-95DD-CD3FF81BF961}"
EndProject
Project("{FAE04EC0-301F-11D3-BF4B-00C04F79EFBC}") = "Unity.Timeline.Editor", "Unity.Timeline.Editor.csproj", "{6F14EE29-46D5-14EC-899E-B6398C210FDA}"
EndProject
Project("{FAE04EC0-301F-11D3-BF4B-00C04F79EFBC}") = "UnityEngine.Advertisements.Editor", "UnityEngine.Advertisements.Editor.csproj", "{6003BA97-E582-2263-7D63-2206C133A77D}"
EndProject
Project("{FAE04EC0-301F-11D3-BF4B-00C04F79EFBC}") = "Unity.TextMeshPro.Editor", "Unity.TextMeshPro.Editor.csproj", "{E8F973FF-3C4A-84DE-F9E6-1ECB54D4B83E}"
EndProject
Project("{FAE04EC0-301F-11D3-BF4B-00C04F79EFBC}") = "Unity.PlasticSCM.Editor", "Unity.PlasticSCM.Editor.csproj", "{3F3C95D6-01B9-2783-4357-9C94C59E6334}"
EndProject
Project("{FAE04EC0-301F-11D3-BF4B-00C04F79EFBC}") = "Unity.2D.Aseprite.Editor", "Unity.2D.Aseprite.Editor.csproj", "{170D16A1-CF8A-56D5-7C4C-C4BE37382CAE}"
EndProject
Project("{FAE04EC0-301F-11D3-BF4B-00C04F79EFBC}") = "Unity.Services.Core.Internal", "Unity.Services.Core.Internal.csproj", "{C0D68686-456B-1167-0209-00F1F360F457}"
EndProject
Project("{FAE04EC0-301F-11D3-BF4B-00C04F79EFBC}") = "Unity.VisualScripting.Flow", "Unity.VisualScripting.Flow.csproj", "{CCC3338D-2D41-2430-0F02-0921ABC73885}"
EndProject
Project("{FAE04EC0-301F-11D3-BF4B-00C04F79EFBC}") = "Unity.2D.Psdimporter.Editor", "Unity.2D.Psdimporter.Editor.csproj", "{2975787B-07AF-76DD-044B-49D49118C118}"
EndProject
Project("{FAE04EC0-301F-11D3-BF4B-00C04F79EFBC}") = "UnityEditor.Purchasing", "UnityEditor.Purchasing.csproj", "{8484851D-3511-8561-14BE-F147C3E94EBC}"
EndProject
Project("{FAE04EC0-301F-11D3-BF4B-00C04F79EFBC}") = "Unity.VisualScripting.Core", "Unity.VisualScripting.Core.csproj", "{B80DA04D-CC44-E526-31C7-7A388415750F}"
EndProject
Project("{FAE04EC0-301F-11D3-BF4B-00C04F79EFBC}") = "Unity.Mathematics", "Unity.Mathematics.csproj", "{7BC8AFB1-4BDA-C7EF-2461-03E211EC39B4}"
EndProject
Project("{FAE04EC0-301F-11D3-BF4B-00C04F79EFBC}") = "Unity.2D.Common.Path.Editor", "Unity.2D.Common.Path.Editor.csproj", "{18A57040-864E-6989-4A8C-8691A402C7B4}"
EndProject
Project("{FAE04EC0-301F-11D3-BF4B-00C04F79EFBC}") = "Unity.2D.Animation.Editor", "Unity.2D.Animation.Editor.csproj", "{378A8FFD-301C-FBD5-A2BD-7693790FE2B5}"
EndProject
Project("{FAE04EC0-301F-11D3-BF4B-00C04F79EFBC}") = "Unity.VisualScripting.Core.Editor", "Unity.VisualScripting.Core.Editor.csproj", "{CE69E7B3-CCFD-1722-F24B-DAA3462FD7D6}"
EndProject
Project("{FAE04EC0-301F-11D3-BF4B-00C04F79EFBC}") = "UnityEngine.Purchasing.Stores", "UnityEngine.Purchasing.Stores.csproj", "{1745A1A4-553B-FB2D-5EF0-6E914397C1CF}"
EndProject
Project("{FAE04EC0-301F-11D3-BF4B-00C04F79EFBC}") = "UnityEngine.Purchasing", "UnityEngine.Purchasing.csproj", "{9CF7BD8E-C36F-C900-90CE-02A1C34380B1}"
EndProject
Project("{FAE04EC0-301F-11D3-BF4B-00C04F79EFBC}") = "UnityEngine.Advertisements", "UnityEngine.Advertisements.csproj", "{CBE8D22A-723B-69A3-8532-86DE981B6AB6}"
EndProject
Project("{FAE04EC0-301F-11D3-BF4B-00C04F79EFBC}") = "Unity.Services.Analytics", "Unity.Services.Analytics.csproj", "{B6B6CF73-74C3-7B83-A0B8-67754D599743}"
EndProject
Project("{FAE04EC0-301F-11D3-BF4B-00C04F79EFBC}") = "UnityEngine.Advertisements.DevX.Editor", "UnityEngine.Advertisements.DevX.Editor.csproj", "{DC872FD2-C90C-3626-48C0-62D1356D60A7}"
EndProject
Project("{FAE04EC0-301F-11D3-BF4B-00C04F79EFBC}") = "UnityEditor.TestRunner", "UnityEditor.TestRunner.csproj", "{1322F604-4063-CD1A-73BA-DE4655EA00DF}"
EndProject
Project("{FAE04EC0-301F-11D3-BF4B-00C04F79EFBC}") = "Unity.VisualScripting.Flow.Editor", "Unity.VisualScripting.Flow.Editor.csproj", "{6ED65AB2-B33D-A2D8-FC28-0A2FD35A82BD}"
EndProject
Project("{FAE04EC0-301F-11D3-BF4B-00C04F79EFBC}") = "Unity.2D.IK.Runtime", "Unity.2D.IK.Runtime.csproj", "{F76EF46C-588D-E680-0E7A-CC009051CFF0}"
EndProject
Project("{FAE04EC0-301F-11D3-BF4B-00C04F79EFBC}") = "Unity.VisualScripting.SettingsProvider.Editor", "Unity.VisualScripting.SettingsProvider.Editor.csproj", "{01C40733-A5DE-3A13-1593-64C72EA68844}"
EndProject
Project("{FAE04EC0-301F-11D3-BF4B-00C04F79EFBC}") = "Assembly-CSharp", "Assembly-CSharp.csproj", "{09C34D65-6014-A8F2-C4F9-A2DD20504A5D}"
EndProject
Project("{FAE04EC0-301F-11D3-BF4B-00C04F79EFBC}") = "UnityEngine.TestRunner", "UnityEngine.TestRunner.csproj", "{2578210C-1305-8067-69B2-BE4C4DEA43F6}"
EndProject
Project("{FAE04EC0-301F-11D3-BF4B-00C04F79EFBC}") = "PsdPlugin", "PsdPlugin.csproj", "{671C7CFD-1ADC-E010-4D7D-BC2764FB035F}"
EndProject
Project("{FAE04EC0-301F-11D3-BF4B-00C04F79EFBC}") = "Unity.Burst", "Unity.Burst.csproj", "{3D680FFF-CAD5-14EB-4F8E-BD33EC0E17BF}"
EndProject
Project("{FAE04EC0-301F-11D3-BF4B-00C04F79EFBC}") = "Unity.Services.Core.Environments.Editor", "Unity.Services.Core.Environments.Editor.csproj", "{867EA6DB-6F0B-78E8-61A4-471E6C09E315}"
EndProject
Project("{FAE04EC0-301F-11D3-BF4B-00C04F79EFBC}") = "Unity.Services.Core.Editor", "Unity.Services.Core.Editor.csproj", "{B2B65D01-61D9-C01C-4AE5-2DBC8D133414}"
EndProject
Project("{FAE04EC0-301F-11D3-BF4B-00C04F79EFBC}") = "Unity.Services.Core", "Unity.Services.Core.csproj", "{B250DE46-1B83-EB4D-8AF5-21CD250CAB18}"
EndProject
Project("{FAE04EC0-301F-11D3-BF4B-00C04F79EFBC}") = "Unity.2D.SpriteShape.Editor", "Unity.2D.SpriteShape.Editor.csproj", "{A6EFB83E-87BB-7131-5AC0-E8BE7CFE321F}"
EndProject
Project("{FAE04EC0-301F-11D3-BF4B-00C04F79EFBC}") = "Unity.Collections", "Unity.Collections.csproj", "{BEBD9F0D-43CC-3F51-13F2-79A546DA0ED8}"
EndProject
Project("{FAE04EC0-301F-11D3-BF4B-00C04F79EFBC}") = "Unity.AI.Navigation.Editor", "Unity.AI.Navigation.Editor.csproj", "{D0BA1347-E611-0231-63EF-938CEED1DB3C}"
EndProject
Project("{FAE04EC0-301F-11D3-BF4B-00C04F79EFBC}") = "Unity.VisualStudio.Editor", "Unity.VisualStudio.Editor.csproj", "{ADA951A2-6A71-B613-18E4-AD2365783E0D}"
EndProject
Project("{FAE04EC0-301F-11D3-BF4B-00C04F79EFBC}") = "Assembly-CSharp-Editor-firstpass", "Assembly-CSharp-Editor-firstpass.csproj", "{4873F5A0-C620-CD96-4A90-D0972E87098E}"
EndProject
Project("{FAE04EC0-301F-11D3-BF4B-00C04F79EFBC}") = "Unity.2D.Tilemap.Extras.Editor", "Unity.2D.Tilemap.Extras.Editor.csproj", "{824FD64E-618D-6AF4-B945-B9F8CAD16120}"
EndProject
Project("{FAE04EC0-301F-11D3-BF4B-00C04F79EFBC}") = "Unity.Rider.Editor", "Unity.Rider.Editor.csproj", "{1E6DC337-D358-F8FC-E2FD-B49B3BB7ACD6}"
EndProject
Project("{FAE04EC0-301F-11D3-BF4B-00C04F79EFBC}") = "Unity.InternalAPIEditorBridge.001", "Unity.InternalAPIEditorBridge.001.csproj", "{1477B3DB-0F0F-CB52-EA42-3B2E375D9256}"
EndProject
Project("{FAE04EC0-301F-11D3-BF4B-00C04F79EFBC}") = "Unity.Services.Core.Environments.Internal", "Unity.Services.Core.Environments.Internal.csproj", "{EE02AE77-E7A4-FBA1-7F57-B0BE1BFE6346}"
EndProject
Project("{FAE04EC0-301F-11D3-BF4B-00C04F79EFBC}") = "Unity.Services.Core.Telemetry", "Unity.Services.Core.Telemetry.csproj", "{308B3113-D898-426B-B151-09EF6CB7A60F}"
EndProject
Project("{FAE04EC0-301F-11D3-BF4B-00C04F79EFBC}") = "Unity.2D.SpriteShape.Runtime", "Unity.2D.SpriteShape.Runtime.csproj", "{29415871-D6B7-6E74-7D48-CF30CCFF4DBB}"
EndProject
Project("{FAE04EC0-301F-11D3-BF4B-00C04F79EFBC}") = "Unity.AI.Navigation", "Unity.AI.Navigation.csproj", "{017F20BC-D566-792C-1F5A-DA258535F9B4}"
EndProject
Project("{FAE04EC0-301F-11D3-BF4B-00C04F79EFBC}") = "UnityEngine.Purchasing.Codeless", "UnityEngine.Purchasing.Codeless.csproj", "{8296987A-88B9-B41D-5FA7-E4AF1A7C6366}"
EndProject
Project("{FAE04EC0-301F-11D3-BF4B-00C04F79EFBC}") = "Unity.CollabProxy.Editor", "Unity.CollabProxy.Editor.csproj", "{D903615E-3641-5D8A-88BE-380BB25C8D2A}"
EndProject
Project("{FAE04EC0-301F-11D3-BF4B-00C04F79EFBC}") = "Unity.Services.Core.Configuration", "Unity.Services.Core.Configuration.csproj", "{E3A5B4F9-C6CA-7E30-BCE7-2F96C3322AC7}"
EndProject
Project("{FAE04EC0-301F-11D3-BF4B-00C04F79EFBC}") = "Unity.AI.Navigation.Editor.ConversionSystem", "Unity.AI.Navigation.Editor.ConversionSystem.csproj", "{A1134A0B-3D2B-9D4D-E3DE-5DDBD8CF0EE6}"
EndProject
Project("{FAE04EC0-301F-11D3-BF4B-00C04F79EFBC}") = "Unity.VisualScripting.State.Editor", "Unity.VisualScripting.State.Editor.csproj", "{77021841-0477-1B89-B916-C211FEBA897F}"
EndProject
Project("{FAE04EC0-301F-11D3-BF4B-00C04F79EFBC}") = "Unity.2D.Animation.Runtime", "Unity.2D.Animation.Runtime.csproj", "{EE860D42-6740-8488-7E71-541AFCB3BB1C}"
EndProject
Project("{FAE04EC0-301F-11D3-BF4B-00C04F79EFBC}") = "UnityEditor.XR.LegacyInputHelpers", "UnityEditor.XR.LegacyInputHelpers.csproj", "{A1E45485-A3BA-E1B0-0730-9E731F9FC69D}"
EndProject
Project("{FAE04EC0-301F-11D3-BF4B-00C04F79EFBC}") = "Unity.Burst.CodeGen", "Unity.Burst.CodeGen.csproj", "{5828D8D5-B9FB-BAD5-9C28-902473C62840}"
EndProject
Project("{FAE04EC0-301F-11D3-BF4B-00C04F79EFBC}") = "Unity.Services.Core.Configuration.Editor", "Unity.Services.Core.Configuration.Editor.csproj", "{44995B95-11CB-C288-60E2-3FBA9D0F671B}"
EndProject
Project("{FAE04EC0-301F-11D3-BF4B-00C04F79EFBC}") = "Unity.2D.Tilemap.Extras", "Unity.2D.Tilemap.Extras.csproj", "{64DA9B33-B85E-44BD-A2A9-17C9C1689F53}"
EndProject
Project("{FAE04EC0-301F-11D3-BF4B-00C04F79EFBC}") = "Unity.VisualScripting.State", "Unity.VisualScripting.State.csproj", "{F58CE4FC-CE0B-F1D7-F5CE-17C3F4E1A2A5}"
EndProject
Project("{FAE04EC0-301F-11D3-BF4B-00C04F79EFBC}") = "Unity.TextMeshPro", "Unity.TextMeshPro.csproj", "{3819299D-874A-E8E3-79DD-268EFF365734}"
EndProject
Project("{FAE04EC0-301F-11D3-BF4B-00C04F79EFBC}") = "Unity.Services.Core.Networking", "Unity.Services.Core.Networking.csproj", "{F0151BBE-C17C-2861-D724-52486212AA58}"
EndProject
Project("{FAE04EC0-301F-11D3-BF4B-00C04F79EFBC}") = "Unity.Services.Core.Scheduler", "Unity.Services.Core.Scheduler.csproj", "{54E0D53C-4653-4535-6132-0722403B4518}"
EndProject
Project("{FAE04EC0-301F-11D3-BF4B-00C04F79EFBC}") = "Unity.2D.Aseprite.Common", "Unity.2D.Aseprite.Common.csproj", "{B0B49236-78FC-5B47-7B63-9F0473D76276}"
EndProject
Project("{FAE04EC0-301F-11D3-BF4B-00C04F79EFBC}") = "Assembly-CSharp-firstpass", "Assembly-CSharp-firstpass.csproj", "{2F574875-1ADF-1B21-C5A7-10A637B70E32}"
EndProject
Project("{FAE04EC0-301F-11D3-BF4B-00C04F79EFBC}") = "Unity.Services.Analytics.Editor", "Unity.Services.Analytics.Editor.csproj", "{244FB1D7-0FFD-B7ED-4A73-201C0A36FC60}"
EndProject
Project("{FAE04EC0-301F-11D3-BF4B-00C04F79EFBC}") = "Unity.VSCode.Editor", "Unity.VSCode.Editor.csproj", "{AD44309D-0D62-827E-D7F5-8539408C5BDB}"
EndProject
Project("{FAE04EC0-301F-11D3-BF4B-00C04F79EFBC}") = "Unity.2D.IK.Editor", "Unity.2D.IK.Editor.csproj", "{B80546D3-0913-5985-B4FB-0A64041E5FE8}"
EndProject
Project("{FAE04EC0-301F-11D3-BF4B-00C04F79EFBC}") = "Unity.InternalAPIEngineBridge.001", "Unity.InternalAPIEngineBridge.001.csproj", "{7809C882-0153-E12D-CF24-5E69B96EE6A3}"
EndProject
Project("{FAE04EC0-301F-11D3-BF4B-00C04F79EFBC}") = "Unity.Burst.Editor", "Unity.Burst.Editor.csproj", "{86F0D3AA-5197-EF26-637B-F3BF3DEFF01C}"
EndProject
Project("{FAE04EC0-301F-11D3-BF4B-00C04F79EFBC}") = "Unity.2D.Common.Editor", "Unity.2D.Common.Editor.csproj", "{7E4071DE-C598-D178-4C12-019477B77D69}"
EndProject
Project("{FAE04EC0-301F-11D3-BF4B-00C04F79EFBC}") = "UnityEngine.Purchasing.AppleMacosStub", "UnityEngine.Purchasing.AppleMacosStub.csproj", "{4C7B4964-76BD-9B8C-6FE3-0261FA398BF6}"
EndProject
Project("{FAE04EC0-301F-11D3-BF4B-00C04F79EFBC}") = "Unity.AI.Navigation.Updater", "Unity.AI.Navigation.Updater.csproj", "{34DB8AF3-281E-F7C4-47E5-FF9E1E73EEC0}"
EndProject
Project("{FAE04EC0-301F-11D3-BF4B-00C04F79EFBC}") = "UnityEditor.SpatialTracking", "UnityEditor.SpatialTracking.csproj", "{88203205-A4AC-EFB1-5265-E9A9100F2E53}"
EndProject
Project("{FAE04EC0-301F-11D3-BF4B-00C04F79EFBC}") = "Unity.Analytics.DataPrivacy", "Unity.Analytics.DataPrivacy.csproj", "{01D1066C-813A-4397-95C4-2943151407CD}"
EndProject
Project("{FAE04EC0-301F-11D3-BF4B-00C04F79EFBC}") = "UnityEngine.Purchasing.SecurityStub", "UnityEngine.Purchasing.SecurityStub.csproj", "{AC61DB13-5AE7-5991-8F2A-EBD7B9D12C5C}"
EndProject
Project("{FAE04EC0-301F-11D3-BF4B-00C04F79EFBC}") = "Unity.2D.PixelPerfect", "Unity.2D.PixelPerfect.csproj", "{4C9843C8-1B73-D90B-C8A9-C6077B7EF7F3}"
EndProject
Project("{FAE04EC0-301F-11D3-BF4B-00C04F79EFBC}") = "Unity.2D.PixelPerfect.Editor", "Unity.2D.PixelPerfect.Editor.csproj", "{1362D891-EC51-A04A-AD5F-D52CA8F9FD3C}"
EndProject
Project("{FAE04EC0-301F-11D3-BF4B-00C04F79EFBC}") = "Unity.Services.Core.Registration", "Unity.Services.Core.Registration.csproj", "{E7CC78F0-2FE0-0B35-16F4-8102C6FC7B93}"
EndProject
Project("{FAE04EC0-301F-11D3-BF4B-00C04F79EFBC}") = "Unity.2D.Common.Runtime", "Unity.2D.Common.Runtime.csproj", "{28F0D765-E902-A7D4-AE46-6C3D5486CCAE}"
EndProject
Project("{FAE04EC0-301F-11D3-BF4B-00C04F79EFBC}") = "UnityEngine.Purchasing.SecurityCore", "UnityEngine.Purchasing.SecurityCore.csproj", "{158B43BF-D9E3-8174-DF3C-9C6D24481D49}"
EndProject
Project("{FAE04EC0-301F-11D3-BF4B-00C04F79EFBC}") = "UnityEngine.Purchasing.WinRTStub", "UnityEngine.Purchasing.WinRTStub.csproj", "{FE3F637F-5FCC-8821-896B-74F79982434B}"
EndProject
Project("{FAE04EC0-301F-11D3-BF4B-00C04F79EFBC}") = "Unity.Services.Core.Analytics", "Unity.Services.Core.Analytics.csproj", "{B614C6A6-A4E5-C93E-27A9-44380B443A85}"
EndProject
Project("{FAE04EC0-301F-11D3-BF4B-00C04F79EFBC}") = "UnityEngine.SpatialTracking", "UnityEngine.SpatialTracking.csproj", "{0179E034-ABED-D413-C5F1-27A2FB26FD0C}"
EndProject
Project("{FAE04EC0-301F-11D3-BF4B-00C04F79EFBC}") = "Unity.Services.Core.Threading", "Unity.Services.Core.Threading.csproj", "{2438277E-A84C-9C4D-D7AD-1861F93C7CA7}"
EndProject
Project("{FAE04EC0-301F-11D3-BF4B-00C04F79EFBC}") = "UnityEngine.Purchasing.AppleStub", "UnityEngine.Purchasing.AppleStub.csproj", "{8EF44DC7-A8AA-0C64-F774-3FA1AB819444}"
EndProject
Project("{FAE04EC0-301F-11D3-BF4B-00C04F79EFBC}") = "Unity.Mathematics.Editor", "Unity.Mathematics.Editor.csproj", "{A194324C-21B2-60FA-D764-E83096DA511B}"
EndProject
Project("{FAE04EC0-301F-11D3-BF4B-00C04F79EFBC}") = "Unity.Services.Core.Device", "Unity.Services.Core.Device.csproj", "{F1477F82-A928-D102-35F6-470FF1E6A2C7}"
EndProject
Project("{FAE04EC0-301F-11D3-BF4B-00C04F79EFBC}") = "UnityEngine.Purchasing.WinRTCore", "UnityEngine.Purchasing.WinRTCore.csproj", "{11FAE3A5-25B1-AF13-4ED7-964BC65C92F6}"
EndProject
Project("{FAE04EC0-301F-11D3-BF4B-00C04F79EFBC}") = "Purchasing.Common", "Purchasing.Common.csproj", "{361C2AB6-E45C-C5A3-171A-526FA1FEC710}"
EndProject
Project("{FAE04EC0-301F-11D3-BF4B-00C04F79EFBC}") = "Unity.Services.Core.Environments", "Unity.Services.Core.Environments.csproj", "{01BDC8E3-112B-659C-2760-BAD2007C3D7A}"
EndProject
Project("{FAE04EC0-301F-11D3-BF4B-00C04F79EFBC}") = "UnityEngine.XR.LegacyInputHelpers", "UnityEngine.XR.LegacyInputHelpers.csproj", "{D9624F3E-E427-0955-571D-E90E6EDD532A}"
EndProject
Project("{FAE04EC0-301F-11D3-BF4B-00C04F79EFBC}") = "Assembly-CSharp-Editor", "Assembly-CSharp-Editor.csproj", "{82025EB4-3082-55EE-D6EC-038490E8733B}"
EndProject
Project("{FAE04EC0-301F-11D3-BF4B-00C04F79EFBC}") = "Unity.Collections.BurstCompatibilityGen", "Unity.Collections.BurstCompatibilityGen.csproj", "{E1D0587B-CEDA-F5D0-AC27-C45ED7D083CC}"
EndProject
Project("{FAE04EC0-301F-11D3-BF4B-00C04F79EFBC}") = "Unity.InternalAPIEditorBridge.005", "Unity.InternalAPIEditorBridge.005.csproj", "{240CDF92-6ACE-6DBF-A439-A4FD1E821E8C}"
EndProject
Project("{FAE04EC0-301F-11D3-BF4B-00C04F79EFBC}") = "UnityEngine.Purchasing.AppleCore", "UnityEngine.Purchasing.AppleCore.csproj", "{371D5605-8B6E-3F54-4E79-398283F5661A}"
EndProject
Project("{FAE04EC0-301F-11D3-BF4B-00C04F79EFBC}") = "Unity.VisualScripting.Shared.Editor", "Unity.VisualScripting.Shared.Editor.csproj", "{E160A661-1F8D-3686-D706-702476C55F6E}"
EndProject
Project("{FAE04EC0-301F-11D3-BF4B-00C04F79EFBC}") = "Unity.Collections.DocCodeSamples", "Unity.Collections.DocCodeSamples.csproj", "{5956EEFD-B365-56C2-3237-FF98397C7234}"
EndProject
Project("{FAE04EC0-301F-11D3-BF4B-00C04F79EFBC}") = "Analytics", "Analytics.csproj", "{253FC4DE-6C2D-52C6-B2E6-57236C4478ED}"
EndProject
Global
	GlobalSection(SolutionConfigurationPlatforms) = preSolution
		Debug|Any CPU = Debug|Any CPU
		Release|Any CPU = Release|Any CPU
	EndGlobalSection
	GlobalSection(ProjectConfigurationPlatforms) = postSolution
		{FAB9FC71-DA57-1228-95DD-CD3FF81BF961}.Debug|Any CPU.ActiveCfg = Debug|Any CPU
		{FAB9FC71-DA57-1228-95DD-CD3FF81BF961}.Debug|Any CPU.Build.0 = Debug|Any CPU
		{FAB9FC71-DA57-1228-95DD-CD3FF81BF961}.Release|Any CPU.ActiveCfg = Release|Any CPU
		{FAB9FC71-DA57-1228-95DD-CD3FF81BF961}.Release|Any CPU.Build.0 = Release|Any CPU
		{6F14EE29-46D5-14EC-899E-B6398C210FDA}.Debug|Any CPU.ActiveCfg = Debug|Any CPU
		{6F14EE29-46D5-14EC-899E-B6398C210FDA}.Debug|Any CPU.Build.0 = Debug|Any CPU
		{6F14EE29-46D5-14EC-899E-B6398C210FDA}.Release|Any CPU.ActiveCfg = Release|Any CPU
		{6F14EE29-46D5-14EC-899E-B6398C210FDA}.Release|Any CPU.Build.0 = Release|Any CPU
		{6003BA97-E582-2263-7D63-2206C133A77D}.Debug|Any CPU.ActiveCfg = Debug|Any CPU
		{6003BA97-E582-2263-7D63-2206C133A77D}.Debug|Any CPU.Build.0 = Debug|Any CPU
		{6003BA97-E582-2263-7D63-2206C133A77D}.Release|Any CPU.ActiveCfg = Release|Any CPU
		{6003BA97-E582-2263-7D63-2206C133A77D}.Release|Any CPU.Build.0 = Release|Any CPU
		{E8F973FF-3C4A-84DE-F9E6-1ECB54D4B83E}.Debug|Any CPU.ActiveCfg = Debug|Any CPU
		{E8F973FF-3C4A-84DE-F9E6-1ECB54D4B83E}.Debug|Any CPU.Build.0 = Debug|Any CPU
		{E8F973FF-3C4A-84DE-F9E6-1ECB54D4B83E}.Release|Any CPU.ActiveCfg = Release|Any CPU
		{E8F973FF-3C4A-84DE-F9E6-1ECB54D4B83E}.Release|Any CPU.Build.0 = Release|Any CPU
		{3F3C95D6-01B9-2783-4357-9C94C59E6334}.Debug|Any CPU.ActiveCfg = Debug|Any CPU
		{3F3C95D6-01B9-2783-4357-9C94C59E6334}.Debug|Any CPU.Build.0 = Debug|Any CPU
		{3F3C95D6-01B9-2783-4357-9C94C59E6334}.Release|Any CPU.ActiveCfg = Release|Any CPU
		{3F3C95D6-01B9-2783-4357-9C94C59E6334}.Release|Any CPU.Build.0 = Release|Any CPU
		{170D16A1-CF8A-56D5-7C4C-C4BE37382CAE}.Debug|Any CPU.ActiveCfg = Debug|Any CPU
		{170D16A1-CF8A-56D5-7C4C-C4BE37382CAE}.Debug|Any CPU.Build.0 = Debug|Any CPU
		{170D16A1-CF8A-56D5-7C4C-C4BE37382CAE}.Release|Any CPU.ActiveCfg = Release|Any CPU
		{170D16A1-CF8A-56D5-7C4C-C4BE37382CAE}.Release|Any CPU.Build.0 = Release|Any CPU
		{C0D68686-456B-1167-0209-00F1F360F457}.Debug|Any CPU.ActiveCfg = Debug|Any CPU
		{C0D68686-456B-1167-0209-00F1F360F457}.Debug|Any CPU.Build.0 = Debug|Any CPU
		{C0D68686-456B-1167-0209-00F1F360F457}.Release|Any CPU.ActiveCfg = Release|Any CPU
		{C0D68686-456B-1167-0209-00F1F360F457}.Release|Any CPU.Build.0 = Release|Any CPU
		{CCC3338D-2D41-2430-0F02-0921ABC73885}.Debug|Any CPU.ActiveCfg = Debug|Any CPU
		{CCC3338D-2D41-2430-0F02-0921ABC73885}.Debug|Any CPU.Build.0 = Debug|Any CPU
		{CCC3338D-2D41-2430-0F02-0921ABC73885}.Release|Any CPU.ActiveCfg = Release|Any CPU
		{CCC3338D-2D41-2430-0F02-0921ABC73885}.Release|Any CPU.Build.0 = Release|Any CPU
		{2975787B-07AF-76DD-044B-49D49118C118}.Debug|Any CPU.ActiveCfg = Debug|Any CPU
		{2975787B-07AF-76DD-044B-49D49118C118}.Debug|Any CPU.Build.0 = Debug|Any CPU
		{2975787B-07AF-76DD-044B-49D49118C118}.Release|Any CPU.ActiveCfg = Release|Any CPU
		{2975787B-07AF-76DD-044B-49D49118C118}.Release|Any CPU.Build.0 = Release|Any CPU
		{8484851D-3511-8561-14BE-F147C3E94EBC}.Debug|Any CPU.ActiveCfg = Debug|Any CPU
		{8484851D-3511-8561-14BE-F147C3E94EBC}.Debug|Any CPU.Build.0 = Debug|Any CPU
		{8484851D-3511-8561-14BE-F147C3E94EBC}.Release|Any CPU.ActiveCfg = Release|Any CPU
		{8484851D-3511-8561-14BE-F147C3E94EBC}.Release|Any CPU.Build.0 = Release|Any CPU
		{B80DA04D-CC44-E526-31C7-7A388415750F}.Debug|Any CPU.ActiveCfg = Debug|Any CPU
		{B80DA04D-CC44-E526-31C7-7A388415750F}.Debug|Any CPU.Build.0 = Debug|Any CPU
		{B80DA04D-CC44-E526-31C7-7A388415750F}.Release|Any CPU.ActiveCfg = Release|Any CPU
		{B80DA04D-CC44-E526-31C7-7A388415750F}.Release|Any CPU.Build.0 = Release|Any CPU
		{7BC8AFB1-4BDA-C7EF-2461-03E211EC39B4}.Debug|Any CPU.ActiveCfg = Debug|Any CPU
		{7BC8AFB1-4BDA-C7EF-2461-03E211EC39B4}.Debug|Any CPU.Build.0 = Debug|Any CPU
		{7BC8AFB1-4BDA-C7EF-2461-03E211EC39B4}.Release|Any CPU.ActiveCfg = Release|Any CPU
		{7BC8AFB1-4BDA-C7EF-2461-03E211EC39B4}.Release|Any CPU.Build.0 = Release|Any CPU
		{18A57040-864E-6989-4A8C-8691A402C7B4}.Debug|Any CPU.ActiveCfg = Debug|Any CPU
		{18A57040-864E-6989-4A8C-8691A402C7B4}.Debug|Any CPU.Build.0 = Debug|Any CPU
		{18A57040-864E-6989-4A8C-8691A402C7B4}.Release|Any CPU.ActiveCfg = Release|Any CPU
		{18A57040-864E-6989-4A8C-8691A402C7B4}.Release|Any CPU.Build.0 = Release|Any CPU
		{378A8FFD-301C-FBD5-A2BD-7693790FE2B5}.Debug|Any CPU.ActiveCfg = Debug|Any CPU
		{378A8FFD-301C-FBD5-A2BD-7693790FE2B5}.Debug|Any CPU.Build.0 = Debug|Any CPU
		{378A8FFD-301C-FBD5-A2BD-7693790FE2B5}.Release|Any CPU.ActiveCfg = Release|Any CPU
		{378A8FFD-301C-FBD5-A2BD-7693790FE2B5}.Release|Any CPU.Build.0 = Release|Any CPU
		{CE69E7B3-CCFD-1722-F24B-DAA3462FD7D6}.Debug|Any CPU.ActiveCfg = Debug|Any CPU
		{CE69E7B3-CCFD-1722-F24B-DAA3462FD7D6}.Debug|Any CPU.Build.0 = Debug|Any CPU
		{CE69E7B3-CCFD-1722-F24B-DAA3462FD7D6}.Release|Any CPU.ActiveCfg = Release|Any CPU
		{CE69E7B3-CCFD-1722-F24B-DAA3462FD7D6}.Release|Any CPU.Build.0 = Release|Any CPU
		{1745A1A4-553B-FB2D-5EF0-6E914397C1CF}.Debug|Any CPU.ActiveCfg = Debug|Any CPU
		{1745A1A4-553B-FB2D-5EF0-6E914397C1CF}.Debug|Any CPU.Build.0 = Debug|Any CPU
		{1745A1A4-553B-FB2D-5EF0-6E914397C1CF}.Release|Any CPU.ActiveCfg = Release|Any CPU
		{1745A1A4-553B-FB2D-5EF0-6E914397C1CF}.Release|Any CPU.Build.0 = Release|Any CPU
		{9CF7BD8E-C36F-C900-90CE-02A1C34380B1}.Debug|Any CPU.ActiveCfg = Debug|Any CPU
		{9CF7BD8E-C36F-C900-90CE-02A1C34380B1}.Debug|Any CPU.Build.0 = Debug|Any CPU
		{9CF7BD8E-C36F-C900-90CE-02A1C34380B1}.Release|Any CPU.ActiveCfg = Release|Any CPU
		{9CF7BD8E-C36F-C900-90CE-02A1C34380B1}.Release|Any CPU.Build.0 = Release|Any CPU
		{CBE8D22A-723B-69A3-8532-86DE981B6AB6}.Debug|Any CPU.ActiveCfg = Debug|Any CPU
		{CBE8D22A-723B-69A3-8532-86DE981B6AB6}.Debug|Any CPU.Build.0 = Debug|Any CPU
		{CBE8D22A-723B-69A3-8532-86DE981B6AB6}.Release|Any CPU.ActiveCfg = Release|Any CPU
		{CBE8D22A-723B-69A3-8532-86DE981B6AB6}.Release|Any CPU.Build.0 = Release|Any CPU
		{B6B6CF73-74C3-7B83-A0B8-67754D599743}.Debug|Any CPU.ActiveCfg = Debug|Any CPU
		{B6B6CF73-74C3-7B83-A0B8-67754D599743}.Debug|Any CPU.Build.0 = Debug|Any CPU
		{B6B6CF73-74C3-7B83-A0B8-67754D599743}.Release|Any CPU.ActiveCfg = Release|Any CPU
		{B6B6CF73-74C3-7B83-A0B8-67754D599743}.Release|Any CPU.Build.0 = Release|Any CPU
		{DC872FD2-C90C-3626-48C0-62D1356D60A7}.Debug|Any CPU.ActiveCfg = Debug|Any CPU
		{DC872FD2-C90C-3626-48C0-62D1356D60A7}.Debug|Any CPU.Build.0 = Debug|Any CPU
		{DC872FD2-C90C-3626-48C0-62D1356D60A7}.Release|Any CPU.ActiveCfg = Release|Any CPU
		{DC872FD2-C90C-3626-48C0-62D1356D60A7}.Release|Any CPU.Build.0 = Release|Any CPU
		{1322F604-4063-CD1A-73BA-DE4655EA00DF}.Debug|Any CPU.ActiveCfg = Debug|Any CPU
		{1322F604-4063-CD1A-73BA-DE4655EA00DF}.Debug|Any CPU.Build.0 = Debug|Any CPU
		{1322F604-4063-CD1A-73BA-DE4655EA00DF}.Release|Any CPU.ActiveCfg = Release|Any CPU
		{1322F604-4063-CD1A-73BA-DE4655EA00DF}.Release|Any CPU.Build.0 = Release|Any CPU
		{6ED65AB2-B33D-A2D8-FC28-0A2FD35A82BD}.Debug|Any CPU.ActiveCfg = Debug|Any CPU
		{6ED65AB2-B33D-A2D8-FC28-0A2FD35A82BD}.Debug|Any CPU.Build.0 = Debug|Any CPU
		{6ED65AB2-B33D-A2D8-FC28-0A2FD35A82BD}.Release|Any CPU.ActiveCfg = Release|Any CPU
		{6ED65AB2-B33D-A2D8-FC28-0A2FD35A82BD}.Release|Any CPU.Build.0 = Release|Any CPU
		{F76EF46C-588D-E680-0E7A-CC009051CFF0}.Debug|Any CPU.ActiveCfg = Debug|Any CPU
		{F76EF46C-588D-E680-0E7A-CC009051CFF0}.Debug|Any CPU.Build.0 = Debug|Any CPU
		{F76EF46C-588D-E680-0E7A-CC009051CFF0}.Release|Any CPU.ActiveCfg = Release|Any CPU
		{F76EF46C-588D-E680-0E7A-CC009051CFF0}.Release|Any CPU.Build.0 = Release|Any CPU
		{01C40733-A5DE-3A13-1593-64C72EA68844}.Debug|Any CPU.ActiveCfg = Debug|Any CPU
		{01C40733-A5DE-3A13-1593-64C72EA68844}.Debug|Any CPU.Build.0 = Debug|Any CPU
		{01C40733-A5DE-3A13-1593-64C72EA68844}.Release|Any CPU.ActiveCfg = Release|Any CPU
		{01C40733-A5DE-3A13-1593-64C72EA68844}.Release|Any CPU.Build.0 = Release|Any CPU
		{09C34D65-6014-A8F2-C4F9-A2DD20504A5D}.Debug|Any CPU.ActiveCfg = Debug|Any CPU
		{09C34D65-6014-A8F2-C4F9-A2DD20504A5D}.Debug|Any CPU.Build.0 = Debug|Any CPU
		{09C34D65-6014-A8F2-C4F9-A2DD20504A5D}.Release|Any CPU.ActiveCfg = Release|Any CPU
		{09C34D65-6014-A8F2-C4F9-A2DD20504A5D}.Release|Any CPU.Build.0 = Release|Any CPU
		{2578210C-1305-8067-69B2-BE4C4DEA43F6}.Debug|Any CPU.ActiveCfg = Debug|Any CPU
		{2578210C-1305-8067-69B2-BE4C4DEA43F6}.Debug|Any CPU.Build.0 = Debug|Any CPU
		{2578210C-1305-8067-69B2-BE4C4DEA43F6}.Release|Any CPU.ActiveCfg = Release|Any CPU
		{2578210C-1305-8067-69B2-BE4C4DEA43F6}.Release|Any CPU.Build.0 = Release|Any CPU
		{671C7CFD-1ADC-E010-4D7D-BC2764FB035F}.Debug|Any CPU.ActiveCfg = Debug|Any CPU
		{671C7CFD-1ADC-E010-4D7D-BC2764FB035F}.Debug|Any CPU.Build.0 = Debug|Any CPU
		{671C7CFD-1ADC-E010-4D7D-BC2764FB035F}.Release|Any CPU.ActiveCfg = Release|Any CPU
		{671C7CFD-1ADC-E010-4D7D-BC2764FB035F}.Release|Any CPU.Build.0 = Release|Any CPU
		{3D680FFF-CAD5-14EB-4F8E-BD33EC0E17BF}.Debug|Any CPU.ActiveCfg = Debug|Any CPU
		{3D680FFF-CAD5-14EB-4F8E-BD33EC0E17BF}.Debug|Any CPU.Build.0 = Debug|Any CPU
		{3D680FFF-CAD5-14EB-4F8E-BD33EC0E17BF}.Release|Any CPU.ActiveCfg = Release|Any CPU
		{3D680FFF-CAD5-14EB-4F8E-BD33EC0E17BF}.Release|Any CPU.Build.0 = Release|Any CPU
		{867EA6DB-6F0B-78E8-61A4-471E6C09E315}.Debug|Any CPU.ActiveCfg = Debug|Any CPU
		{867EA6DB-6F0B-78E8-61A4-471E6C09E315}.Debug|Any CPU.Build.0 = Debug|Any CPU
		{867EA6DB-6F0B-78E8-61A4-471E6C09E315}.Release|Any CPU.ActiveCfg = Release|Any CPU
		{867EA6DB-6F0B-78E8-61A4-471E6C09E315}.Release|Any CPU.Build.0 = Release|Any CPU
		{B2B65D01-61D9-C01C-4AE5-2DBC8D133414}.Debug|Any CPU.ActiveCfg = Debug|Any CPU
		{B2B65D01-61D9-C01C-4AE5-2DBC8D133414}.Debug|Any CPU.Build.0 = Debug|Any CPU
		{B2B65D01-61D9-C01C-4AE5-2DBC8D133414}.Release|Any CPU.ActiveCfg = Release|Any CPU
		{B2B65D01-61D9-C01C-4AE5-2DBC8D133414}.Release|Any CPU.Build.0 = Release|Any CPU
		{B250DE46-1B83-EB4D-8AF5-21CD250CAB18}.Debug|Any CPU.ActiveCfg = Debug|Any CPU
		{B250DE46-1B83-EB4D-8AF5-21CD250CAB18}.Debug|Any CPU.Build.0 = Debug|Any CPU
		{B250DE46-1B83-EB4D-8AF5-21CD250CAB18}.Release|Any CPU.ActiveCfg = Release|Any CPU
		{B250DE46-1B83-EB4D-8AF5-21CD250CAB18}.Release|Any CPU.Build.0 = Release|Any CPU
		{A6EFB83E-87BB-7131-5AC0-E8BE7CFE321F}.Debug|Any CPU.ActiveCfg = Debug|Any CPU
		{A6EFB83E-87BB-7131-5AC0-E8BE7CFE321F}.Debug|Any CPU.Build.0 = Debug|Any CPU
		{A6EFB83E-87BB-7131-5AC0-E8BE7CFE321F}.Release|Any CPU.ActiveCfg = Release|Any CPU
		{A6EFB83E-87BB-7131-5AC0-E8BE7CFE321F}.Release|Any CPU.Build.0 = Release|Any CPU
		{BEBD9F0D-43CC-3F51-13F2-79A546DA0ED8}.Debug|Any CPU.ActiveCfg = Debug|Any CPU
		{BEBD9F0D-43CC-3F51-13F2-79A546DA0ED8}.Debug|Any CPU.Build.0 = Debug|Any CPU
		{BEBD9F0D-43CC-3F51-13F2-79A546DA0ED8}.Release|Any CPU.ActiveCfg = Release|Any CPU
		{BEBD9F0D-43CC-3F51-13F2-79A546DA0ED8}.Release|Any CPU.Build.0 = Release|Any CPU
		{D0BA1347-E611-0231-63EF-938CEED1DB3C}.Debug|Any CPU.ActiveCfg = Debug|Any CPU
		{D0BA1347-E611-0231-63EF-938CEED1DB3C}.Debug|Any CPU.Build.0 = Debug|Any CPU
		{D0BA1347-E611-0231-63EF-938CEED1DB3C}.Release|Any CPU.ActiveCfg = Release|Any CPU
		{D0BA1347-E611-0231-63EF-938CEED1DB3C}.Release|Any CPU.Build.0 = Release|Any CPU
		{ADA951A2-6A71-B613-18E4-AD2365783E0D}.Debug|Any CPU.ActiveCfg = Debug|Any CPU
		{ADA951A2-6A71-B613-18E4-AD2365783E0D}.Debug|Any CPU.Build.0 = Debug|Any CPU
		{ADA951A2-6A71-B613-18E4-AD2365783E0D}.Release|Any CPU.ActiveCfg = Release|Any CPU
		{ADA951A2-6A71-B613-18E4-AD2365783E0D}.Release|Any CPU.Build.0 = Release|Any CPU
		{4873F5A0-C620-CD96-4A90-D0972E87098E}.Debug|Any CPU.ActiveCfg = Debug|Any CPU
		{4873F5A0-C620-CD96-4A90-D0972E87098E}.Debug|Any CPU.Build.0 = Debug|Any CPU
		{4873F5A0-C620-CD96-4A90-D0972E87098E}.Release|Any CPU.ActiveCfg = Release|Any CPU
		{4873F5A0-C620-CD96-4A90-D0972E87098E}.Release|Any CPU.Build.0 = Release|Any CPU
		{824FD64E-618D-6AF4-B945-B9F8CAD16120}.Debug|Any CPU.ActiveCfg = Debug|Any CPU
		{824FD64E-618D-6AF4-B945-B9F8CAD16120}.Debug|Any CPU.Build.0 = Debug|Any CPU
		{824FD64E-618D-6AF4-B945-B9F8CAD16120}.Release|Any CPU.ActiveCfg = Release|Any CPU
		{824FD64E-618D-6AF4-B945-B9F8CAD16120}.Release|Any CPU.Build.0 = Release|Any CPU
		{1E6DC337-D358-F8FC-E2FD-B49B3BB7ACD6}.Debug|Any CPU.ActiveCfg = Debug|Any CPU
		{1E6DC337-D358-F8FC-E2FD-B49B3BB7ACD6}.Debug|Any CPU.Build.0 = Debug|Any CPU
		{1E6DC337-D358-F8FC-E2FD-B49B3BB7ACD6}.Release|Any CPU.ActiveCfg = Release|Any CPU
		{1E6DC337-D358-F8FC-E2FD-B49B3BB7ACD6}.Release|Any CPU.Build.0 = Release|Any CPU
		{1477B3DB-0F0F-CB52-EA42-3B2E375D9256}.Debug|Any CPU.ActiveCfg = Debug|Any CPU
		{1477B3DB-0F0F-CB52-EA42-3B2E375D9256}.Debug|Any CPU.Build.0 = Debug|Any CPU
		{1477B3DB-0F0F-CB52-EA42-3B2E375D9256}.Release|Any CPU.ActiveCfg = Release|Any CPU
		{1477B3DB-0F0F-CB52-EA42-3B2E375D9256}.Release|Any CPU.Build.0 = Release|Any CPU
		{EE02AE77-E7A4-FBA1-7F57-B0BE1BFE6346}.Debug|Any CPU.ActiveCfg = Debug|Any CPU
		{EE02AE77-E7A4-FBA1-7F57-B0BE1BFE6346}.Debug|Any CPU.Build.0 = Debug|Any CPU
		{EE02AE77-E7A4-FBA1-7F57-B0BE1BFE6346}.Release|Any CPU.ActiveCfg = Release|Any CPU
		{EE02AE77-E7A4-FBA1-7F57-B0BE1BFE6346}.Release|Any CPU.Build.0 = Release|Any CPU
		{308B3113-D898-426B-B151-09EF6CB7A60F}.Debug|Any CPU.ActiveCfg = Debug|Any CPU
		{308B3113-D898-426B-B151-09EF6CB7A60F}.Debug|Any CPU.Build.0 = Debug|Any CPU
		{308B3113-D898-426B-B151-09EF6CB7A60F}.Release|Any CPU.ActiveCfg = Release|Any CPU
		{308B3113-D898-426B-B151-09EF6CB7A60F}.Release|Any CPU.Build.0 = Release|Any CPU
		{29415871-D6B7-6E74-7D48-CF30CCFF4DBB}.Debug|Any CPU.ActiveCfg = Debug|Any CPU
		{29415871-D6B7-6E74-7D48-CF30CCFF4DBB}.Debug|Any CPU.Build.0 = Debug|Any CPU
		{29415871-D6B7-6E74-7D48-CF30CCFF4DBB}.Release|Any CPU.ActiveCfg = Release|Any CPU
		{29415871-D6B7-6E74-7D48-CF30CCFF4DBB}.Release|Any CPU.Build.0 = Release|Any CPU
		{017F20BC-D566-792C-1F5A-DA258535F9B4}.Debug|Any CPU.ActiveCfg = Debug|Any CPU
		{017F20BC-D566-792C-1F5A-DA258535F9B4}.Debug|Any CPU.Build.0 = Debug|Any CPU
		{017F20BC-D566-792C-1F5A-DA258535F9B4}.Release|Any CPU.ActiveCfg = Release|Any CPU
		{017F20BC-D566-792C-1F5A-DA258535F9B4}.Release|Any CPU.Build.0 = Release|Any CPU
		{8296987A-88B9-B41D-5FA7-E4AF1A7C6366}.Debug|Any CPU.ActiveCfg = Debug|Any CPU
		{8296987A-88B9-B41D-5FA7-E4AF1A7C6366}.Debug|Any CPU.Build.0 = Debug|Any CPU
		{8296987A-88B9-B41D-5FA7-E4AF1A7C6366}.Release|Any CPU.ActiveCfg = Release|Any CPU
		{8296987A-88B9-B41D-5FA7-E4AF1A7C6366}.Release|Any CPU.Build.0 = Release|Any CPU
		{D903615E-3641-5D8A-88BE-380BB25C8D2A}.Debug|Any CPU.ActiveCfg = Debug|Any CPU
		{D903615E-3641-5D8A-88BE-380BB25C8D2A}.Debug|Any CPU.Build.0 = Debug|Any CPU
		{D903615E-3641-5D8A-88BE-380BB25C8D2A}.Release|Any CPU.ActiveCfg = Release|Any CPU
		{D903615E-3641-5D8A-88BE-380BB25C8D2A}.Release|Any CPU.Build.0 = Release|Any CPU
		{E3A5B4F9-C6CA-7E30-BCE7-2F96C3322AC7}.Debug|Any CPU.ActiveCfg = Debug|Any CPU
		{E3A5B4F9-C6CA-7E30-BCE7-2F96C3322AC7}.Debug|Any CPU.Build.0 = Debug|Any CPU
		{E3A5B4F9-C6CA-7E30-BCE7-2F96C3322AC7}.Release|Any CPU.ActiveCfg = Release|Any CPU
		{E3A5B4F9-C6CA-7E30-BCE7-2F96C3322AC7}.Release|Any CPU.Build.0 = Release|Any CPU
		{A1134A0B-3D2B-9D4D-E3DE-5DDBD8CF0EE6}.Debug|Any CPU.ActiveCfg = Debug|Any CPU
		{A1134A0B-3D2B-9D4D-E3DE-5DDBD8CF0EE6}.Debug|Any CPU.Build.0 = Debug|Any CPU
		{A1134A0B-3D2B-9D4D-E3DE-5DDBD8CF0EE6}.Release|Any CPU.ActiveCfg = Release|Any CPU
		{A1134A0B-3D2B-9D4D-E3DE-5DDBD8CF0EE6}.Release|Any CPU.Build.0 = Release|Any CPU
		{77021841-0477-1B89-B916-C211FEBA897F}.Debug|Any CPU.ActiveCfg = Debug|Any CPU
		{77021841-0477-1B89-B916-C211FEBA897F}.Debug|Any CPU.Build.0 = Debug|Any CPU
		{77021841-0477-1B89-B916-C211FEBA897F}.Release|Any CPU.ActiveCfg = Release|Any CPU
		{77021841-0477-1B89-B916-C211FEBA897F}.Release|Any CPU.Build.0 = Release|Any CPU
		{EE860D42-6740-8488-7E71-541AFCB3BB1C}.Debug|Any CPU.ActiveCfg = Debug|Any CPU
		{EE860D42-6740-8488-7E71-541AFCB3BB1C}.Debug|Any CPU.Build.0 = Debug|Any CPU
		{EE860D42-6740-8488-7E71-541AFCB3BB1C}.Release|Any CPU.ActiveCfg = Release|Any CPU
		{EE860D42-6740-8488-7E71-541AFCB3BB1C}.Release|Any CPU.Build.0 = Release|Any CPU
		{A1E45485-A3BA-E1B0-0730-9E731F9FC69D}.Debug|Any CPU.ActiveCfg = Debug|Any CPU
		{A1E45485-A3BA-E1B0-0730-9E731F9FC69D}.Debug|Any CPU.Build.0 = Debug|Any CPU
		{A1E45485-A3BA-E1B0-0730-9E731F9FC69D}.Release|Any CPU.ActiveCfg = Release|Any CPU
		{A1E45485-A3BA-E1B0-0730-9E731F9FC69D}.Release|Any CPU.Build.0 = Release|Any CPU
		{5828D8D5-B9FB-BAD5-9C28-902473C62840}.Debug|Any CPU.ActiveCfg = Debug|Any CPU
		{5828D8D5-B9FB-BAD5-9C28-902473C62840}.Debug|Any CPU.Build.0 = Debug|Any CPU
		{5828D8D5-B9FB-BAD5-9C28-902473C62840}.Release|Any CPU.ActiveCfg = Release|Any CPU
		{5828D8D5-B9FB-BAD5-9C28-902473C62840}.Release|Any CPU.Build.0 = Release|Any CPU
		{44995B95-11CB-C288-60E2-3FBA9D0F671B}.Debug|Any CPU.ActiveCfg = Debug|Any CPU
		{44995B95-11CB-C288-60E2-3FBA9D0F671B}.Debug|Any CPU.Build.0 = Debug|Any CPU
		{44995B95-11CB-C288-60E2-3FBA9D0F671B}.Release|Any CPU.ActiveCfg = Release|Any CPU
		{44995B95-11CB-C288-60E2-3FBA9D0F671B}.Release|Any CPU.Build.0 = Release|Any CPU
		{64DA9B33-B85E-44BD-A2A9-17C9C1689F53}.Debug|Any CPU.ActiveCfg = Debug|Any CPU
		{64DA9B33-B85E-44BD-A2A9-17C9C1689F53}.Debug|Any CPU.Build.0 = Debug|Any CPU
		{64DA9B33-B85E-44BD-A2A9-17C9C1689F53}.Release|Any CPU.ActiveCfg = Release|Any CPU
		{64DA9B33-B85E-44BD-A2A9-17C9C1689F53}.Release|Any CPU.Build.0 = Release|Any CPU
		{F58CE4FC-CE0B-F1D7-F5CE-17C3F4E1A2A5}.Debug|Any CPU.ActiveCfg = Debug|Any CPU
		{F58CE4FC-CE0B-F1D7-F5CE-17C3F4E1A2A5}.Debug|Any CPU.Build.0 = Debug|Any CPU
		{F58CE4FC-CE0B-F1D7-F5CE-17C3F4E1A2A5}.Release|Any CPU.ActiveCfg = Release|Any CPU
		{F58CE4FC-CE0B-F1D7-F5CE-17C3F4E1A2A5}.Release|Any CPU.Build.0 = Release|Any CPU
		{3819299D-874A-E8E3-79DD-268EFF365734}.Debug|Any CPU.ActiveCfg = Debug|Any CPU
		{3819299D-874A-E8E3-79DD-268EFF365734}.Debug|Any CPU.Build.0 = Debug|Any CPU
		{3819299D-874A-E8E3-79DD-268EFF365734}.Release|Any CPU.ActiveCfg = Release|Any CPU
		{3819299D-874A-E8E3-79DD-268EFF365734}.Release|Any CPU.Build.0 = Release|Any CPU
		{F0151BBE-C17C-2861-D724-52486212AA58}.Debug|Any CPU.ActiveCfg = Debug|Any CPU
		{F0151BBE-C17C-2861-D724-52486212AA58}.Debug|Any CPU.Build.0 = Debug|Any CPU
		{F0151BBE-C17C-2861-D724-52486212AA58}.Release|Any CPU.ActiveCfg = Release|Any CPU
		{F0151BBE-C17C-2861-D724-52486212AA58}.Release|Any CPU.Build.0 = Release|Any CPU
		{54E0D53C-4653-4535-6132-0722403B4518}.Debug|Any CPU.ActiveCfg = Debug|Any CPU
		{54E0D53C-4653-4535-6132-0722403B4518}.Debug|Any CPU.Build.0 = Debug|Any CPU
		{54E0D53C-4653-4535-6132-0722403B4518}.Release|Any CPU.ActiveCfg = Release|Any CPU
		{54E0D53C-4653-4535-6132-0722403B4518}.Release|Any CPU.Build.0 = Release|Any CPU
		{B0B49236-78FC-5B47-7B63-9F0473D76276}.Debug|Any CPU.ActiveCfg = Debug|Any CPU
		{B0B49236-78FC-5B47-7B63-9F0473D76276}.Debug|Any CPU.Build.0 = Debug|Any CPU
		{B0B49236-78FC-5B47-7B63-9F0473D76276}.Release|Any CPU.ActiveCfg = Release|Any CPU
		{B0B49236-78FC-5B47-7B63-9F0473D76276}.Release|Any CPU.Build.0 = Release|Any CPU
		{2F574875-1ADF-1B21-C5A7-10A637B70E32}.Debug|Any CPU.ActiveCfg = Debug|Any CPU
		{2F574875-1ADF-1B21-C5A7-10A637B70E32}.Debug|Any CPU.Build.0 = Debug|Any CPU
		{2F574875-1ADF-1B21-C5A7-10A637B70E32}.Release|Any CPU.ActiveCfg = Release|Any CPU
		{2F574875-1ADF-1B21-C5A7-10A637B70E32}.Release|Any CPU.Build.0 = Release|Any CPU
		{244FB1D7-0FFD-B7ED-4A73-201C0A36FC60}.Debug|Any CPU.ActiveCfg = Debug|Any CPU
		{244FB1D7-0FFD-B7ED-4A73-201C0A36FC60}.Debug|Any CPU.Build.0 = Debug|Any CPU
		{244FB1D7-0FFD-B7ED-4A73-201C0A36FC60}.Release|Any CPU.ActiveCfg = Release|Any CPU
		{244FB1D7-0FFD-B7ED-4A73-201C0A36FC60}.Release|Any CPU.Build.0 = Release|Any CPU
		{AD44309D-0D62-827E-D7F5-8539408C5BDB}.Debug|Any CPU.ActiveCfg = Debug|Any CPU
		{AD44309D-0D62-827E-D7F5-8539408C5BDB}.Debug|Any CPU.Build.0 = Debug|Any CPU
		{AD44309D-0D62-827E-D7F5-8539408C5BDB}.Release|Any CPU.ActiveCfg = Release|Any CPU
		{AD44309D-0D62-827E-D7F5-8539408C5BDB}.Release|Any CPU.Build.0 = Release|Any CPU
		{B80546D3-0913-5985-B4FB-0A64041E5FE8}.Debug|Any CPU.ActiveCfg = Debug|Any CPU
		{B80546D3-0913-5985-B4FB-0A64041E5FE8}.Debug|Any CPU.Build.0 = Debug|Any CPU
		{B80546D3-0913-5985-B4FB-0A64041E5FE8}.Release|Any CPU.ActiveCfg = Release|Any CPU
		{B80546D3-0913-5985-B4FB-0A64041E5FE8}.Release|Any CPU.Build.0 = Release|Any CPU
		{7809C882-0153-E12D-CF24-5E69B96EE6A3}.Debug|Any CPU.ActiveCfg = Debug|Any CPU
		{7809C882-0153-E12D-CF24-5E69B96EE6A3}.Debug|Any CPU.Build.0 = Debug|Any CPU
		{7809C882-0153-E12D-CF24-5E69B96EE6A3}.Release|Any CPU.ActiveCfg = Release|Any CPU
		{7809C882-0153-E12D-CF24-5E69B96EE6A3}.Release|Any CPU.Build.0 = Release|Any CPU
		{86F0D3AA-5197-EF26-637B-F3BF3DEFF01C}.Debug|Any CPU.ActiveCfg = Debug|Any CPU
		{86F0D3AA-5197-EF26-637B-F3BF3DEFF01C}.Debug|Any CPU.Build.0 = Debug|Any CPU
		{86F0D3AA-5197-EF26-637B-F3BF3DEFF01C}.Release|Any CPU.ActiveCfg = Release|Any CPU
		{86F0D3AA-5197-EF26-637B-F3BF3DEFF01C}.Release|Any CPU.Build.0 = Release|Any CPU
		{7E4071DE-C598-D178-4C12-019477B77D69}.Debug|Any CPU.ActiveCfg = Debug|Any CPU
		{7E4071DE-C598-D178-4C12-019477B77D69}.Debug|Any CPU.Build.0 = Debug|Any CPU
		{7E4071DE-C598-D178-4C12-019477B77D69}.Release|Any CPU.ActiveCfg = Release|Any CPU
		{7E4071DE-C598-D178-4C12-019477B77D69}.Release|Any CPU.Build.0 = Release|Any CPU
		{4C7B4964-76BD-9B8C-6FE3-0261FA398BF6}.Debug|Any CPU.ActiveCfg = Debug|Any CPU
		{4C7B4964-76BD-9B8C-6FE3-0261FA398BF6}.Debug|Any CPU.Build.0 = Debug|Any CPU
		{4C7B4964-76BD-9B8C-6FE3-0261FA398BF6}.Release|Any CPU.ActiveCfg = Release|Any CPU
		{4C7B4964-76BD-9B8C-6FE3-0261FA398BF6}.Release|Any CPU.Build.0 = Release|Any CPU
		{34DB8AF3-281E-F7C4-47E5-FF9E1E73EEC0}.Debug|Any CPU.ActiveCfg = Debug|Any CPU
		{34DB8AF3-281E-F7C4-47E5-FF9E1E73EEC0}.Debug|Any CPU.Build.0 = Debug|Any CPU
		{34DB8AF3-281E-F7C4-47E5-FF9E1E73EEC0}.Release|Any CPU.ActiveCfg = Release|Any CPU
		{34DB8AF3-281E-F7C4-47E5-FF9E1E73EEC0}.Release|Any CPU.Build.0 = Release|Any CPU
		{88203205-A4AC-EFB1-5265-E9A9100F2E53}.Debug|Any CPU.ActiveCfg = Debug|Any CPU
		{88203205-A4AC-EFB1-5265-E9A9100F2E53}.Debug|Any CPU.Build.0 = Debug|Any CPU
		{88203205-A4AC-EFB1-5265-E9A9100F2E53}.Release|Any CPU.ActiveCfg = Release|Any CPU
		{88203205-A4AC-EFB1-5265-E9A9100F2E53}.Release|Any CPU.Build.0 = Release|Any CPU
		{01D1066C-813A-4397-95C4-2943151407CD}.Debug|Any CPU.ActiveCfg = Debug|Any CPU
		{01D1066C-813A-4397-95C4-2943151407CD}.Debug|Any CPU.Build.0 = Debug|Any CPU
		{01D1066C-813A-4397-95C4-2943151407CD}.Release|Any CPU.ActiveCfg = Release|Any CPU
		{01D1066C-813A-4397-95C4-2943151407CD}.Release|Any CPU.Build.0 = Release|Any CPU
		{AC61DB13-5AE7-5991-8F2A-EBD7B9D12C5C}.Debug|Any CPU.ActiveCfg = Debug|Any CPU
		{AC61DB13-5AE7-5991-8F2A-EBD7B9D12C5C}.Debug|Any CPU.Build.0 = Debug|Any CPU
		{AC61DB13-5AE7-5991-8F2A-EBD7B9D12C5C}.Release|Any CPU.ActiveCfg = Release|Any CPU
		{AC61DB13-5AE7-5991-8F2A-EBD7B9D12C5C}.Release|Any CPU.Build.0 = Release|Any CPU
		{4C9843C8-1B73-D90B-C8A9-C6077B7EF7F3}.Debug|Any CPU.ActiveCfg = Debug|Any CPU
		{4C9843C8-1B73-D90B-C8A9-C6077B7EF7F3}.Debug|Any CPU.Build.0 = Debug|Any CPU
		{4C9843C8-1B73-D90B-C8A9-C6077B7EF7F3}.Release|Any CPU.ActiveCfg = Release|Any CPU
		{4C9843C8-1B73-D90B-C8A9-C6077B7EF7F3}.Release|Any CPU.Build.0 = Release|Any CPU
		{1362D891-EC51-A04A-AD5F-D52CA8F9FD3C}.Debug|Any CPU.ActiveCfg = Debug|Any CPU
		{1362D891-EC51-A04A-AD5F-D52CA8F9FD3C}.Debug|Any CPU.Build.0 = Debug|Any CPU
		{1362D891-EC51-A04A-AD5F-D52CA8F9FD3C}.Release|Any CPU.ActiveCfg = Release|Any CPU
		{1362D891-EC51-A04A-AD5F-D52CA8F9FD3C}.Release|Any CPU.Build.0 = Release|Any CPU
		{E7CC78F0-2FE0-0B35-16F4-8102C6FC7B93}.Debug|Any CPU.ActiveCfg = Debug|Any CPU
		{E7CC78F0-2FE0-0B35-16F4-8102C6FC7B93}.Debug|Any CPU.Build.0 = Debug|Any CPU
		{E7CC78F0-2FE0-0B35-16F4-8102C6FC7B93}.Release|Any CPU.ActiveCfg = Release|Any CPU
		{E7CC78F0-2FE0-0B35-16F4-8102C6FC7B93}.Release|Any CPU.Build.0 = Release|Any CPU
		{28F0D765-E902-A7D4-AE46-6C3D5486CCAE}.Debug|Any CPU.ActiveCfg = Debug|Any CPU
		{28F0D765-E902-A7D4-AE46-6C3D5486CCAE}.Debug|Any CPU.Build.0 = Debug|Any CPU
		{28F0D765-E902-A7D4-AE46-6C3D5486CCAE}.Release|Any CPU.ActiveCfg = Release|Any CPU
		{28F0D765-E902-A7D4-AE46-6C3D5486CCAE}.Release|Any CPU.Build.0 = Release|Any CPU
		{158B43BF-D9E3-8174-DF3C-9C6D24481D49}.Debug|Any CPU.ActiveCfg = Debug|Any CPU
		{158B43BF-D9E3-8174-DF3C-9C6D24481D49}.Debug|Any CPU.Build.0 = Debug|Any CPU
		{158B43BF-D9E3-8174-DF3C-9C6D24481D49}.Release|Any CPU.ActiveCfg = Release|Any CPU
		{158B43BF-D9E3-8174-DF3C-9C6D24481D49}.Release|Any CPU.Build.0 = Release|Any CPU
		{FE3F637F-5FCC-8821-896B-74F79982434B}.Debug|Any CPU.ActiveCfg = Debug|Any CPU
		{FE3F637F-5FCC-8821-896B-74F79982434B}.Debug|Any CPU.Build.0 = Debug|Any CPU
		{FE3F637F-5FCC-8821-896B-74F79982434B}.Release|Any CPU.ActiveCfg = Release|Any CPU
		{FE3F637F-5FCC-8821-896B-74F79982434B}.Release|Any CPU.Build.0 = Release|Any CPU
		{B614C6A6-A4E5-C93E-27A9-44380B443A85}.Debug|Any CPU.ActiveCfg = Debug|Any CPU
		{B614C6A6-A4E5-C93E-27A9-44380B443A85}.Debug|Any CPU.Build.0 = Debug|Any CPU
		{B614C6A6-A4E5-C93E-27A9-44380B443A85}.Release|Any CPU.ActiveCfg = Release|Any CPU
		{B614C6A6-A4E5-C93E-27A9-44380B443A85}.Release|Any CPU.Build.0 = Release|Any CPU
		{0179E034-ABED-D413-C5F1-27A2FB26FD0C}.Debug|Any CPU.ActiveCfg = Debug|Any CPU
		{0179E034-ABED-D413-C5F1-27A2FB26FD0C}.Debug|Any CPU.Build.0 = Debug|Any CPU
		{0179E034-ABED-D413-C5F1-27A2FB26FD0C}.Release|Any CPU.ActiveCfg = Release|Any CPU
		{0179E034-ABED-D413-C5F1-27A2FB26FD0C}.Release|Any CPU.Build.0 = Release|Any CPU
		{2438277E-A84C-9C4D-D7AD-1861F93C7CA7}.Debug|Any CPU.ActiveCfg = Debug|Any CPU
		{2438277E-A84C-9C4D-D7AD-1861F93C7CA7}.Debug|Any CPU.Build.0 = Debug|Any CPU
		{2438277E-A84C-9C4D-D7AD-1861F93C7CA7}.Release|Any CPU.ActiveCfg = Release|Any CPU
		{2438277E-A84C-9C4D-D7AD-1861F93C7CA7}.Release|Any CPU.Build.0 = Release|Any CPU
		{8EF44DC7-A8AA-0C64-F774-3FA1AB819444}.Debug|Any CPU.ActiveCfg = Debug|Any CPU
		{8EF44DC7-A8AA-0C64-F774-3FA1AB819444}.Debug|Any CPU.Build.0 = Debug|Any CPU
		{8EF44DC7-A8AA-0C64-F774-3FA1AB819444}.Release|Any CPU.ActiveCfg = Release|Any CPU
		{8EF44DC7-A8AA-0C64-F774-3FA1AB819444}.Release|Any CPU.Build.0 = Release|Any CPU
		{A194324C-21B2-60FA-D764-E83096DA511B}.Debug|Any CPU.ActiveCfg = Debug|Any CPU
		{A194324C-21B2-60FA-D764-E83096DA511B}.Debug|Any CPU.Build.0 = Debug|Any CPU
		{A194324C-21B2-60FA-D764-E83096DA511B}.Release|Any CPU.ActiveCfg = Release|Any CPU
		{A194324C-21B2-60FA-D764-E83096DA511B}.Release|Any CPU.Build.0 = Release|Any CPU
		{F1477F82-A928-D102-35F6-470FF1E6A2C7}.Debug|Any CPU.ActiveCfg = Debug|Any CPU
		{F1477F82-A928-D102-35F6-470FF1E6A2C7}.Debug|Any CPU.Build.0 = Debug|Any CPU
		{F1477F82-A928-D102-35F6-470FF1E6A2C7}.Release|Any CPU.ActiveCfg = Release|Any CPU
		{F1477F82-A928-D102-35F6-470FF1E6A2C7}.Release|Any CPU.Build.0 = Release|Any CPU
		{11FAE3A5-25B1-AF13-4ED7-964BC65C92F6}.Debug|Any CPU.ActiveCfg = Debug|Any CPU
		{11FAE3A5-25B1-AF13-4ED7-964BC65C92F6}.Debug|Any CPU.Build.0 = Debug|Any CPU
		{11FAE3A5-25B1-AF13-4ED7-964BC65C92F6}.Release|Any CPU.ActiveCfg = Release|Any CPU
		{11FAE3A5-25B1-AF13-4ED7-964BC65C92F6}.Release|Any CPU.Build.0 = Release|Any CPU
		{361C2AB6-E45C-C5A3-171A-526FA1FEC710}.Debug|Any CPU.ActiveCfg = Debug|Any CPU
		{361C2AB6-E45C-C5A3-171A-526FA1FEC710}.Debug|Any CPU.Build.0 = Debug|Any CPU
		{361C2AB6-E45C-C5A3-171A-526FA1FEC710}.Release|Any CPU.ActiveCfg = Release|Any CPU
		{361C2AB6-E45C-C5A3-171A-526FA1FEC710}.Release|Any CPU.Build.0 = Release|Any CPU
		{01BDC8E3-112B-659C-2760-BAD2007C3D7A}.Debug|Any CPU.ActiveCfg = Debug|Any CPU
		{01BDC8E3-112B-659C-2760-BAD2007C3D7A}.Debug|Any CPU.Build.0 = Debug|Any CPU
		{01BDC8E3-112B-659C-2760-BAD2007C3D7A}.Release|Any CPU.ActiveCfg = Release|Any CPU
		{01BDC8E3-112B-659C-2760-BAD2007C3D7A}.Release|Any CPU.Build.0 = Release|Any CPU
		{D9624F3E-E427-0955-571D-E90E6EDD532A}.Debug|Any CPU.ActiveCfg = Debug|Any CPU
		{D9624F3E-E427-0955-571D-E90E6EDD532A}.Debug|Any CPU.Build.0 = Debug|Any CPU
		{D9624F3E-E427-0955-571D-E90E6EDD532A}.Release|Any CPU.ActiveCfg = Release|Any CPU
		{D9624F3E-E427-0955-571D-E90E6EDD532A}.Release|Any CPU.Build.0 = Release|Any CPU
		{82025EB4-3082-55EE-D6EC-038490E8733B}.Debug|Any CPU.ActiveCfg = Debug|Any CPU
		{82025EB4-3082-55EE-D6EC-038490E8733B}.Debug|Any CPU.Build.0 = Debug|Any CPU
		{82025EB4-3082-55EE-D6EC-038490E8733B}.Release|Any CPU.ActiveCfg = Release|Any CPU
		{82025EB4-3082-55EE-D6EC-038490E8733B}.Release|Any CPU.Build.0 = Release|Any CPU
		{E1D0587B-CEDA-F5D0-AC27-C45ED7D083CC}.Debug|Any CPU.ActiveCfg = Debug|Any CPU
		{E1D0587B-CEDA-F5D0-AC27-C45ED7D083CC}.Debug|Any CPU.Build.0 = Debug|Any CPU
		{E1D0587B-CEDA-F5D0-AC27-C45ED7D083CC}.Release|Any CPU.ActiveCfg = Release|Any CPU
		{E1D0587B-CEDA-F5D0-AC27-C45ED7D083CC}.Release|Any CPU.Build.0 = Release|Any CPU
		{240CDF92-6ACE-6DBF-A439-A4FD1E821E8C}.Debug|Any CPU.ActiveCfg = Debug|Any CPU
		{240CDF92-6ACE-6DBF-A439-A4FD1E821E8C}.Debug|Any CPU.Build.0 = Debug|Any CPU
		{240CDF92-6ACE-6DBF-A439-A4FD1E821E8C}.Release|Any CPU.ActiveCfg = Release|Any CPU
		{240CDF92-6ACE-6DBF-A439-A4FD1E821E8C}.Release|Any CPU.Build.0 = Release|Any CPU
		{371D5605-8B6E-3F54-4E79-398283F5661A}.Debug|Any CPU.ActiveCfg = Debug|Any CPU
		{371D5605-8B6E-3F54-4E79-398283F5661A}.Debug|Any CPU.Build.0 = Debug|Any CPU
		{371D5605-8B6E-3F54-4E79-398283F5661A}.Release|Any CPU.ActiveCfg = Release|Any CPU
		{371D5605-8B6E-3F54-4E79-398283F5661A}.Release|Any CPU.Build.0 = Release|Any CPU
		{E160A661-1F8D-3686-D706-702476C55F6E}.Debug|Any CPU.ActiveCfg = Debug|Any CPU
		{E160A661-1F8D-3686-D706-702476C55F6E}.Debug|Any CPU.Build.0 = Debug|Any CPU
		{E160A661-1F8D-3686-D706-702476C55F6E}.Release|Any CPU.ActiveCfg = Release|Any CPU
		{E160A661-1F8D-3686-D706-702476C55F6E}.Release|Any CPU.Build.0 = Release|Any CPU
		{5956EEFD-B365-56C2-3237-FF98397C7234}.Debug|Any CPU.ActiveCfg = Debug|Any CPU
		{5956EEFD-B365-56C2-3237-FF98397C7234}.Debug|Any CPU.Build.0 = Debug|Any CPU
		{5956EEFD-B365-56C2-3237-FF98397C7234}.Release|Any CPU.ActiveCfg = Release|Any CPU
		{5956EEFD-B365-56C2-3237-FF98397C7234}.Release|Any CPU.Build.0 = Release|Any CPU
		{253FC4DE-6C2D-52C6-B2E6-57236C4478ED}.Debug|Any CPU.ActiveCfg = Debug|Any CPU
		{253FC4DE-6C2D-52C6-B2E6-57236C4478ED}.Debug|Any CPU.Build.0 = Debug|Any CPU
		{253FC4DE-6C2D-52C6-B2E6-57236C4478ED}.Release|Any CPU.ActiveCfg = Release|Any CPU
		{253FC4DE-6C2D-52C6-B2E6-57236C4478ED}.Release|Any CPU.Build.0 = Release|Any CPU
	EndGlobalSection
	GlobalSection(SolutionProperties) = preSolution
		HideSolutionNode = FALSE
	EndGlobalSection
EndGlobal
